schema: '2.0'
stages:
  train:
    cmd: /home/sergey/proh/mlops_1/venv/bin/python scripts/train_scripts/train.py
      data/baselines/train.csv
    deps:
    - path: data/baselines/train.csv
      hash: md5
      md5: d7954af5ba754e0e6f27add48629d315
      size: 20567
    - path: scripts/train_scripts/train.py
      hash: md5
      md5: 76c3e9484a23f1cff445521f5c159d90
      size: 1119
    outs:
    - path: data/models/titanic_catboost_model.cbm
      hash: md5
      md5: c580673596f226a6eb534c3c1f1318e0
      size: 52140
